[[package]]
name = "grpcio"
version = "1.36.1"
description = "HTTP/2-based RPC framework"
category = "main"
optional = false
python-versions = "*"

[package.dependencies]
six = ">=1.5.2"

[package.extras]
protobuf = ["grpcio-tools (>=1.36.1)"]

[[package]]
name = "protobuf"
version = "4.21.1"
description = ""
category = "main"
optional = false
python-versions = ">=3.7"

[[package]]
name = "rivescript"
version = "1.15.0"
description = "A Chatterbot Scripting Language"
category = "main"
optional = false
python-versions = "*"

[package.dependencies]
six = "*"

[[package]]
name = "six"
version = "1.15.0"
description = "Python 2 and 3 compatibility utilities"
category = "main"
optional = false
python-versions = ">=2.7, !=3.0.*, !=3.1.*, !=3.2.*"

[metadata]
lock-version = "1.1"
python-versions = "^3.8"
content-hash = "bac826f8798b7a515b92df8ed223e8a97531b6dac696c54e7d06bc9902f0b086"

[metadata.files]
grpcio = [
    {file = "grpcio-1.36.1-cp27-cp27m-macosx_10_10_x86_64.whl", hash = "sha256:e3a83c5db16f95daac1d96cf3c9018d765579b5a29bb336758d793028e729921"},
    {file = "grpcio-1.36.1-cp27-cp27m-manylinux2010_i686.whl", hash = "sha256:c18739fecb90760b183bfcb4da1cf2c6bf57e38f7baa2c131d5f67d9a4c8365d"},
    {file = "grpcio-1.36.1-cp27-cp27m-manylinux2010_x86_64.whl", hash = "sha256:f6efa62ca1fe02cd34ec35f53446f04a15fe2c886a4e825f5679936a573d2cbf"},
    {file = "grpcio-1.36.1-cp27-cp27m-win32.whl", hash = "sha256:9a18299827a70be0507f98a65393b1c7f6c004fe2ca995fe23ffac534dd187a7"},
    {file = "grpcio-1.36.1-cp27-cp27m-win_amd64.whl", hash = "sha256:8a89190de1985a54ef311650cf9687ffb81de038973fd32e452636ddae36b29f"},
    {file = "grpcio-1.36.1-cp27-cp27mu-linux_armv7l.whl", hash = "sha256:3e75643d21db7d68acd541d3fec66faaa8061d12b511e101b529ff12a276bb9b"},
    {file = "grpcio-1.36.1-cp27-cp27mu-manylinux2010_i686.whl", hash = "sha256:3c5204e05e18268dd6a1099ca6c106fd9d00bcae1e37d5a5186094c55044c941"},
    {file = "grpcio-1.36.1-cp27-cp27mu-manylinux2010_x86_64.whl", hash = "sha256:24d4c2c5e540e666c52225953d6813afc8ccf9bf46db6a72edd4e8d606656248"},
    {file = "grpcio-1.36.1-cp35-cp35m-linux_armv7l.whl", hash = "sha256:4dc7295dc9673f7af22c1e38c2a2c24ecbd6773a4c5ed5a46ed38ad4dcf2bf6c"},
    {file = "grpcio-1.36.1-cp35-cp35m-macosx_10_10_intel.whl", hash = "sha256:f241116d4bf1a8037ff87f16914b606390824e50902bdbfa2262e855fbf07fe5"},
    {file = "grpcio-1.36.1-cp35-cp35m-manylinux2010_i686.whl", hash = "sha256:1056b558acfd575d774644826df449e1402a03e456a3192fafb6b06d1069bf80"},
    {file = "grpcio-1.36.1-cp35-cp35m-manylinux2010_x86_64.whl", hash = "sha256:52ec563da45d06319224ebbda53501d25594de64ee1b2786e119ba4a2f1ce40c"},
    {file = "grpcio-1.36.1-cp35-cp35m-manylinux2014_i686.whl", hash = "sha256:7cbeac9bbe6a4a7fce4a89c892c249135dd9f5f5219ede157174c34a456188f0"},
    {file = "grpcio-1.36.1-cp35-cp35m-manylinux2014_x86_64.whl", hash = "sha256:2abaa9f0d83bd0b26f6d0d1fc4b97d73bde3ceac36ab857f70d3cabcf31c5c79"},
    {file = "grpcio-1.36.1-cp35-cp35m-win32.whl", hash = "sha256:02030e1afd3247f2b159df9dff959ec79dd4047b1c4dd4eec9e3d1642efbd504"},
    {file = "grpcio-1.36.1-cp35-cp35m-win_amd64.whl", hash = "sha256:eafafc7e040e36aa926edc731ab52c23465981888779ae64bfc8ad85888ed4f3"},
    {file = "grpcio-1.36.1-cp36-cp36m-linux_armv7l.whl", hash = "sha256:1030e74ddd0fa6e3bad7944f0c68cf1251b15bcd70641f0ad3858fdf2b8602a0"},
    {file = "grpcio-1.36.1-cp36-cp36m-macosx_10_10_x86_64.whl", hash = "sha256:b003e24339030ed356f59505d1065b89e1f443ef41ce71ca9069be944c0d2e6b"},
    {file = "grpcio-1.36.1-cp36-cp36m-manylinux2010_i686.whl", hash = "sha256:76daa3c4d58fcf40f7969bdb4270335e96ee0382a050cadcd97d7332cd0251a3"},
    {file = "grpcio-1.36.1-cp36-cp36m-manylinux2010_x86_64.whl", hash = "sha256:f591597bb25eae0094ead5a965555e911453e5f35fdbdaa83be11ef107865697"},
    {file = "grpcio-1.36.1-cp36-cp36m-manylinux2014_i686.whl", hash = "sha256:cbd82c479338fc1c0e5c3db09752b61fe47d40c6e38e4be8657153712fa76674"},
    {file = "grpcio-1.36.1-cp36-cp36m-manylinux2014_x86_64.whl", hash = "sha256:7e32bc01dfaa7a51c547379644ea619a2161d6969affdac3bbd173478d26673d"},
    {file = "grpcio-1.36.1-cp36-cp36m-win32.whl", hash = "sha256:5378189fb897567f4929f75ab67a3e0da4f8967806246cb9cfa1fa06bfbdb0d5"},
    {file = "grpcio-1.36.1-cp36-cp36m-win_amd64.whl", hash = "sha256:3a6295aa692806218e97bb687a71cd768450ed99e2acddc488f18d738edef463"},
    {file = "grpcio-1.36.1-cp37-cp37m-macosx_10_10_x86_64.whl", hash = "sha256:6f6f8a8b57e40347d0bf32c2135037dae31d63d3b19007b4c426a11b76deaf65"},
    {file = "grpcio-1.36.1-cp37-cp37m-manylinux2010_i686.whl", hash = "sha256:4c05ed54b2a00df01e633bebec819b512bf0c60f8f5b3b36dd344dc673b02fea"},
    {file = "grpcio-1.36.1-cp37-cp37m-manylinux2010_x86_64.whl", hash = "sha256:e1b9e906aa6f7577016e86ed7f3a69cae7dab4e41356584dc7980f76ea65035f"},
    {file = "grpcio-1.36.1-cp37-cp37m-manylinux2014_i686.whl", hash = "sha256:a602d6b30760bbbb2fe776caaa914a0d404636cafc3f2322718bf8002d7b1e55"},
    {file = "grpcio-1.36.1-cp37-cp37m-manylinux2014_x86_64.whl", hash = "sha256:dee9971aef20fc09ed897420446c4d0926cd1d7630f343333288523ca5b44bb2"},
    {file = "grpcio-1.36.1-cp37-cp37m-win32.whl", hash = "sha256:ed16bfeda02268e75e038c58599d52afc7097d749916c079b26bc27a66900f7d"},
    {file = "grpcio-1.36.1-cp37-cp37m-win_amd64.whl", hash = "sha256:85a6035ae75ce964f78f19cf913938596ccf068b149fcd79f4371268bcb9aa7c"},
    {file = "grpcio-1.36.1-cp38-cp38-macosx_10_10_x86_64.whl", hash = "sha256:6b30682180053eebc87802c2f249d2f59b430e1a18e8808575dde0d22a968b2c"},
    {file = "grpcio-1.36.1-cp38-cp38-manylinux2010_i686.whl", hash = "sha256:5e4920a8fb5d17b2c5ba980db0ac1c925bbee3e5d70e96da3ec4fb1c8600d68f"},
    {file = "grpcio-1.36.1-cp38-cp38-manylinux2010_x86_64.whl", hash = "sha256:f7740d9d9451f3663df11b241ac05cafc0efaa052d2fdca6640c4d3748eaf6e2"},
    {file = "grpcio-1.36.1-cp38-cp38-manylinux2014_i686.whl", hash = "sha256:20b7c4c5513e1135a2261e56830c0e710f205fee92019b92fe132d7f16a5cfd8"},
    {file = "grpcio-1.36.1-cp38-cp38-manylinux2014_x86_64.whl", hash = "sha256:216fbd2a488e74c3b96e240e4054c85c4c99102a439bc9f556936991643f43bc"},
    {file = "grpcio-1.36.1-cp38-cp38-win32.whl", hash = "sha256:7863c2a140e829b1f4c6d67bf0bf15e5321ac4766d0a295e2682970d9dd4b091"},
    {file = "grpcio-1.36.1-cp38-cp38-win_amd64.whl", hash = "sha256:f214076eb13da9e65c1aa9877b51fca03f51a82bd8691358e1a1edd9ff341330"},
    {file = "grpcio-1.36.1-cp39-cp39-macosx_10_10_x86_64.whl", hash = "sha256:ec753c022b39656f88409fbf9f2d3b28497e3f17aa678f884d78776b41ebe6bd"},
    {file = "grpcio-1.36.1-cp39-cp39-manylinux2010_i686.whl", hash = "sha256:0648a6d5d7ddcd9c8462d7d961660ee024dad6b88152ee3a521819e611830edf"},
    {file = "grpcio-1.36.1-cp39-cp39-manylinux2010_x86_64.whl", hash = "sha256:45ea10dd133a43b10c0b4326834107ebccfee25dab59b312b78e018c2d72a1f0"},
    {file = "grpcio-1.36.1-cp39-cp39-manylinux2014_i686.whl", hash = "sha256:bab743cdac1d6d8326c65d1d091d0740b39966dfab06519f74a03b3d128b8454"},
    {file = "grpcio-1.36.1-cp39-cp39-manylinux2014_x86_64.whl", hash = "sha256:09af8ceb91860086216edc6e5ea15f9beb2cf81687faa43b7c03216f5b73e244"},
    {file = "grpcio-1.36.1-cp39-cp39-win32.whl", hash = "sha256:f3f70505207ee1cee65f60a799fd8e06e07861409aa0d55d834825a79b40c297"},
    {file = "grpcio-1.36.1-cp39-cp39-win_amd64.whl", hash = "sha256:f22c11772eff25ba1ca536e760b8c34ba56f2a9d66b6842cb11770a8f61f879d"},
    {file = "grpcio-1.36.1.tar.gz", hash = "sha256:a66ea59b20f3669df0f0c6a3bd57b985e5b2d1dcf3e4c29819bb8dc232d0fd38"},
]
protobuf = [
    {file = "protobuf-4.21.1-cp310-abi3-win32.whl", hash = "sha256:52c1e44e25f2949be7ffa7c66acbfea940b0945dd416920231f7cb30ea5ac6db"},
    {file = "protobuf-4.21.1-cp310-abi3-win_amd64.whl", hash = "sha256:72d357cc4d834cc85bd957e8b8e1f4b64c2eac9ca1a942efeb8eb2e723fca852"},
    {file = "protobuf-4.21.1-cp37-abi3-macosx_10_9_universal2.whl", hash = "sha256:3767c64593a49c7ac0accd08ed39ce42744405f0989d468f0097a17496fdbe84"},
    {file = "protobuf-4.21.1-cp37-abi3-manylinux2014_aarch64.whl", hash = "sha256:0d4719e724472e296062ba8e82a36d64693fcfdb550d9dff98af70ca79eafe3d"},
    {file = "protobuf-4.21.1-cp37-abi3-manylinux2014_x86_64.whl", hash = "sha256:a4c0c6f2f95a559e59a0258d3e4b186f340cbdc5adec5ce1bc06d01972527c88"},
    {file = "protobuf-4.21.1-cp37-cp37m-win32.whl", hash = "sha256:32fff501b6df3050936d1839b80ea5899bf34db24792d223d7640611f67de15a"},
    {file = "protobuf-4.21.1-cp37-cp37m-win_amd64.whl", hash = "sha256:b3d7d4b4945fe3c001403b6c24442901a5e58c0a3059290f5a63523ed4435f82"},
    {file = "protobuf-4.21.1-cp38-cp38-win32.whl", hash = "sha256:34400fd76f85bdae9a2e9c1444ea4699c0280962423eff4418765deceebd81b5"},
    {file = "protobuf-4.21.1-cp38-cp38-win_amd64.whl", hash = "sha256:c8829092c5aeb61619161269b2f8a2e36fd7cb26abbd9282d3bc453f02769146"},
    {file = "protobuf-4.21.1-cp39-cp39-win32.whl", hash = "sha256:2b35602cb65d53c168c104469e714bf68670335044c38eee3c899d6a8af03ffc"},
    {file = "protobuf-4.21.1-cp39-cp39-win_amd64.whl", hash = "sha256:3f2ed842e8ca43b790cb4a101bcf577226e0ded98a6a6ba2d5e12095a08dc4da"},
    {file = "protobuf-4.21.1-py2.py3-none-any.whl", hash = "sha256:b309fda192850ac4184ca1777aab9655564bc8d10a9cc98f10e1c8bf11295c22"},
    {file = "protobuf-4.21.1-py3-none-any.whl", hash = "sha256:79cd8d0a269b714f6b32641f86928c718e8d234466919b3f552bfb069dbb159b"},
    {file = "protobuf-4.21.1.tar.gz", hash = "sha256:5d9b5c8270461706973c3871c6fbdd236b51dfe9dab652f1fb6a36aa88287e47"},
]
rivescript = [
    {file = "rivescript-1.15.0-py2.py3-none-any.whl", hash = "sha256:85a748382cb4a18d8f74d2a1acbbf7fbe949170b2c1f191732762e614888728a"},
    {file = "rivescript-1.15.0.tar.gz", hash = "sha256:d6102fa690c139b531d69ac7fe8bc5ae2b5313809d83a13ecfbb661abea9635f"},
]
six = [
    {file = "six-1.15.0-py2.py3-none-any.whl", hash = "sha256:8b74bedcbbbaca38ff6d7491d76f2b06b3592611af620f8426e82dddb04a5ced"},
    {file = "six-1.15.0.tar.gz", hash = "sha256:30639c035cdb23534cd4aa2dd52c3bf48f06e5f4a941509c8bafd8ce11080259"},
]
