[[package]]
name = "grpcio"
version = "1.38.1"
description = "HTTP/2-based RPC framework"
category = "main"
optional = false
python-versions = "*"

[package.dependencies]
six = ">=1.5.2"

[package.extras]
protobuf = ["grpcio-tools (>=1.38.1)"]

[[package]]
name = "protobuf"
version = "3.15.6"
description = "Protocol Buffers"
category = "main"
optional = false
python-versions = "*"

[package.dependencies]
six = ">=1.9"

[[package]]
name = "rivescript"
version = "1.15.0"
description = "A Chatterbot Scripting Language"
category = "main"
optional = false
python-versions = "*"

[package.dependencies]
six = "*"

[[package]]
name = "six"
version = "1.15.0"
description = "Python 2 and 3 compatibility utilities"
category = "main"
optional = false
python-versions = ">=2.7, !=3.0.*, !=3.1.*, !=3.2.*"

[metadata]
lock-version = "1.1"
python-versions = "^3.8"
content-hash = "68a3c03e9936367ec3543a4d150de853b8446a6a6034dec8e5996980bf5126d4"

[metadata.files]
grpcio = [
    {file = "grpcio-1.38.1-cp27-cp27m-macosx_10_10_x86_64.whl", hash = "sha256:118479436bda25b369e2dc1cd0921790fbfaea1ec663e4ee7095c4c325694495"},
    {file = "grpcio-1.38.1-cp27-cp27m-manylinux2010_i686.whl", hash = "sha256:7adfbd4e22647f880c9ed86b2be7f6d7a7dbbb8adc09395808cc7a4d021bc328"},
    {file = "grpcio-1.38.1-cp27-cp27m-manylinux2010_x86_64.whl", hash = "sha256:87b4b1977b52d5e0873a5e396340d2443640ba760f4fa23e93a38997ecfbcd5b"},
    {file = "grpcio-1.38.1-cp27-cp27m-win32.whl", hash = "sha256:3a25e1a46f51c80d06b66223f61938b9ffda37f2824ca65749c49b758137fac2"},
    {file = "grpcio-1.38.1-cp27-cp27m-win_amd64.whl", hash = "sha256:b5ea9902fc2990af993b74862282b49ae0b8de8a64ca3b4a8dda26a3163c3bb4"},
    {file = "grpcio-1.38.1-cp27-cp27mu-manylinux2010_i686.whl", hash = "sha256:8ccde1df51eeaddf5515edc41bde2ea43a834a288914eae9ce4287399be108f5"},
    {file = "grpcio-1.38.1-cp27-cp27mu-manylinux2010_x86_64.whl", hash = "sha256:0e193feaf4ebc72f6af57d7b8a08c0b8e43ebbd76f81c6f1e55d013557602dfd"},
    {file = "grpcio-1.38.1-cp35-cp35m-macosx_10_10_intel.whl", hash = "sha256:b16e1967709392a0ec4b10b4374a72eb062c47c168a189606c9a7ea7b36593a8"},
    {file = "grpcio-1.38.1-cp35-cp35m-manylinux2010_i686.whl", hash = "sha256:4bc60f8372c3ab06f41279163c5d558bf95195bb3f68e35ed19f95d4fbd53d71"},
    {file = "grpcio-1.38.1-cp35-cp35m-manylinux2010_x86_64.whl", hash = "sha256:a433d3740a9ef7bc34a18e2b12bf72b25e618facdfd09871167b30fd8e955fed"},
    {file = "grpcio-1.38.1-cp35-cp35m-manylinux2014_i686.whl", hash = "sha256:d49f250c3ffbe83ba2d03e3500e03505576a985f7c5f77172a9531058347aa68"},
    {file = "grpcio-1.38.1-cp35-cp35m-manylinux2014_x86_64.whl", hash = "sha256:6e137d014cf4162e5a796777012452516d92547717c1b4914fb71ce4e41817b5"},
    {file = "grpcio-1.38.1-cp35-cp35m-win32.whl", hash = "sha256:5ff4802d9b3704e680454289587e1cc146bb0d953cf3c9296e2d96441a6a8e88"},
    {file = "grpcio-1.38.1-cp35-cp35m-win_amd64.whl", hash = "sha256:4c19578b35715e110c324b27c18ab54a56fccc4c41b8f651b1d1da5a64e0d605"},
    {file = "grpcio-1.38.1-cp36-cp36m-linux_armv7l.whl", hash = "sha256:6edf68d4305e08f6f8c45bfaa9dc04d527ab5a1562aaf0c452fa921fbe90eb23"},
    {file = "grpcio-1.38.1-cp36-cp36m-macosx_10_10_x86_64.whl", hash = "sha256:ddd33c90b0c95eca737c9f6db7e969a48d23aed72cecb23f3b8aac009ca2cfb4"},
    {file = "grpcio-1.38.1-cp36-cp36m-manylinux2010_i686.whl", hash = "sha256:c83481501533824fe341c17d297bbec1ec584ec46b352f98ce12bf16740615c4"},
    {file = "grpcio-1.38.1-cp36-cp36m-manylinux2010_x86_64.whl", hash = "sha256:3e85bba6f0e0c454a90b8fea16b59db9c6d19ddf9cc95052b2d4ca77b22d46d6"},
    {file = "grpcio-1.38.1-cp36-cp36m-manylinux2014_i686.whl", hash = "sha256:dcfcb147c18272a22a592251a49830b3c7abc82385ffff34916c2534175d885e"},
    {file = "grpcio-1.38.1-cp36-cp36m-manylinux2014_x86_64.whl", hash = "sha256:419af4f577a3d5d9f386aeacf4c4992f90016f84cbceb11ecd832101b1f7f9c9"},
    {file = "grpcio-1.38.1-cp36-cp36m-manylinux_2_24_aarch64.whl", hash = "sha256:cd7ddb5b6ffcbd3691990df20f260a888c8bd770d57480a97da1b756fb1be5c0"},
    {file = "grpcio-1.38.1-cp36-cp36m-win32.whl", hash = "sha256:d4179d96b0ce27602756185c1a00d088c9c1feb0cc17a36f8a66eec6ddddbc0c"},
    {file = "grpcio-1.38.1-cp36-cp36m-win_amd64.whl", hash = "sha256:96d78d9edf3070770cefd1822bc220d8cccad049b818a70a3c630052e9f15490"},
    {file = "grpcio-1.38.1-cp37-cp37m-linux_armv7l.whl", hash = "sha256:8ab27a6626c2038e13c1b250c5cd22da578f182364134620ec298b4ccfc85722"},
    {file = "grpcio-1.38.1-cp37-cp37m-macosx_10_10_x86_64.whl", hash = "sha256:532ab738351aad2cdad80f4355123652e08b207281f3923ce51fb2b58692dd4c"},
    {file = "grpcio-1.38.1-cp37-cp37m-manylinux2010_i686.whl", hash = "sha256:e4a8a371ad02bf31576bcd99093cea3849e19ca1e9eb63fc0b2c0f1db1132f7d"},
    {file = "grpcio-1.38.1-cp37-cp37m-manylinux2010_x86_64.whl", hash = "sha256:89af675d38bf490384dae85151768b8434e997cece98e5d1eb6fcb3c16d6af12"},
    {file = "grpcio-1.38.1-cp37-cp37m-manylinux2014_i686.whl", hash = "sha256:ff9ebc416e815161d89d2fd22d1a91acf3b810ef800dae38c402d19d203590bf"},
    {file = "grpcio-1.38.1-cp37-cp37m-manylinux2014_x86_64.whl", hash = "sha256:3db0680fee9e55022677abda186e73e3c019c59ed83e1550519250dc97cf6793"},
    {file = "grpcio-1.38.1-cp37-cp37m-manylinux_2_24_aarch64.whl", hash = "sha256:a77d1f47e5e82504c531bc9dd22c093ff093b6706ec8bcdad228464ef3a5dd54"},
    {file = "grpcio-1.38.1-cp37-cp37m-win32.whl", hash = "sha256:549beb5646137b78534a312a3b80b2b8b1ea01058b38a711d42d6b54b20b6c2b"},
    {file = "grpcio-1.38.1-cp37-cp37m-win_amd64.whl", hash = "sha256:3eb960c2f9e031f0643b53bab67733a9544d82f42d0714338183d14993d2a23c"},
    {file = "grpcio-1.38.1-cp38-cp38-linux_armv7l.whl", hash = "sha256:e90cda2ccd4bdb89a3cd5dc11771c3b8394817d5caaa1ae36042bc96a428c10e"},
    {file = "grpcio-1.38.1-cp38-cp38-macosx_10_10_x86_64.whl", hash = "sha256:26af85ae0a7ff8e8f8f550255bf85551df86a89883c11721c0756b71bc1019be"},
    {file = "grpcio-1.38.1-cp38-cp38-manylinux2010_i686.whl", hash = "sha256:947bdba3ebcd93a7cef537d6405bc5667d1caf818fa8bbd2e2cc952ec8f97e09"},
    {file = "grpcio-1.38.1-cp38-cp38-manylinux2010_x86_64.whl", hash = "sha256:6d898441ada374f76e0b5354d7e240e1c0e905a1ebcb1e95d9ffd99c88f63700"},
    {file = "grpcio-1.38.1-cp38-cp38-manylinux2014_i686.whl", hash = "sha256:59f5fb4ba219a11fdc1c23e17c93ca3090480a8cde4370c980908546ffc091e6"},
    {file = "grpcio-1.38.1-cp38-cp38-manylinux2014_x86_64.whl", hash = "sha256:cddd61bff66e42ef334f8cb9e719951e479b5ad2cb75c00338aac8de28e17484"},
    {file = "grpcio-1.38.1-cp38-cp38-manylinux_2_24_aarch64.whl", hash = "sha256:c323265a4f18f586e8de84fda12b48eb3bd48395294aa2b8c05307ac1680299d"},
    {file = "grpcio-1.38.1-cp38-cp38-win32.whl", hash = "sha256:72e8358c751da9ab4f8653a3b67b2a3bb7e330ee57cb26439c6af358d6eac032"},
    {file = "grpcio-1.38.1-cp38-cp38-win_amd64.whl", hash = "sha256:278e131bfbc57bab112359b98930b0fdbf81aa0ba2cdfc6555c7a5119d7e2117"},
    {file = "grpcio-1.38.1-cp39-cp39-linux_armv7l.whl", hash = "sha256:44efa41ac36f6bcbf4f64d6479b3031cceea28cf6892a77f15bd1c22611bff9d"},
    {file = "grpcio-1.38.1-cp39-cp39-macosx_10_10_x86_64.whl", hash = "sha256:cf6c3bfa403e055380fe90844beb4fe8e9448edab5d2bf40d37d208dbb2f768c"},
    {file = "grpcio-1.38.1-cp39-cp39-manylinux2010_i686.whl", hash = "sha256:5efa68fc3fe0c439e2858215f2224bfb7242c35079538d58063f68a0d5d5ec33"},
    {file = "grpcio-1.38.1-cp39-cp39-manylinux2010_x86_64.whl", hash = "sha256:2a179b2565fa85a134933acc7845f9d4c12e742c802b4f50bf2fd208bf8b741e"},
    {file = "grpcio-1.38.1-cp39-cp39-manylinux2014_i686.whl", hash = "sha256:b1624123710fa701988a8a43994de78416e5010ac1508f64ed41e2577358604a"},
    {file = "grpcio-1.38.1-cp39-cp39-manylinux2014_x86_64.whl", hash = "sha256:6a225440015db88ec4625a2a41c21582a50cce7ffbe38dcbbb416c7180352516"},
    {file = "grpcio-1.38.1-cp39-cp39-manylinux_2_24_aarch64.whl", hash = "sha256:e891b0936aab73550d673dd3bbf89fa9577b3db1a61baecea480afd36fdb1852"},
    {file = "grpcio-1.38.1-cp39-cp39-win32.whl", hash = "sha256:889518ce7c2a0609a3cffb7b667669a39b3410e869ff38e087bf7eeadad62e5d"},
    {file = "grpcio-1.38.1-cp39-cp39-win_amd64.whl", hash = "sha256:77054f24d46498d9696c809da7810b67bccf6153f9848ea48331708841926d82"},
    {file = "grpcio-1.38.1.tar.gz", hash = "sha256:1f79d8a24261e3c12ec3a6c25945ff799ae09874fd24815bc17c2dc37715ef6c"},
]
protobuf = [
    {file = "protobuf-3.15.6-cp27-cp27m-macosx_10_9_x86_64.whl", hash = "sha256:1771ef20e88759c4d81db213e89b7a1fc53937968e12af6603c658ee4bcbfa38"},
    {file = "protobuf-3.15.6-cp27-cp27mu-manylinux1_x86_64.whl", hash = "sha256:1a66261a402d05c8ad8c1fde8631837307bf8d7e7740a4f3941fc3277c2e1528"},
    {file = "protobuf-3.15.6-cp35-cp35m-macosx_10_9_intel.whl", hash = "sha256:eac23a3e56175b710f3da9a9e8e2aa571891fbec60e0c5a06db1c7b1613b5cfd"},
    {file = "protobuf-3.15.6-cp35-cp35m-manylinux1_x86_64.whl", hash = "sha256:9ec220d90eda8bb7a7a1434a8aed4fe26d7e648c1a051c2885f3f5725b6aa71a"},
    {file = "protobuf-3.15.6-cp35-cp35m-win32.whl", hash = "sha256:88d8f21d1ac205eedb6dea943f8204ed08201b081dba2a966ab5612788b9bb1e"},
    {file = "protobuf-3.15.6-cp35-cp35m-win_amd64.whl", hash = "sha256:eaada29bbf087dea7d8bce4d1d604fc768749e8809e9c295922accd7c8fce4d5"},
    {file = "protobuf-3.15.6-cp36-cp36m-macosx_10_9_x86_64.whl", hash = "sha256:256c0b2e338c1f3228d3280707606fe5531fde85ab9d704cde6fdeb55112531f"},
    {file = "protobuf-3.15.6-cp36-cp36m-manylinux1_x86_64.whl", hash = "sha256:b9069e45b6e78412fba4a314ea38b4a478686060acf470d2b131b3a2c50484ec"},
    {file = "protobuf-3.15.6-cp36-cp36m-win32.whl", hash = "sha256:24f4697f57b8520c897a401b7f9a5ae45c369e22c572e305dfaf8053ecb49687"},
    {file = "protobuf-3.15.6-cp36-cp36m-win_amd64.whl", hash = "sha256:d9ed0955b794f1e5f367e27f8a8ff25501eabe34573f003f06639c366ca75f73"},
    {file = "protobuf-3.15.6-cp37-cp37m-macosx_10_9_x86_64.whl", hash = "sha256:822ac7f87fc2fb9b24edd2db390538b60ef50256e421ca30d65250fad5a3d477"},
    {file = "protobuf-3.15.6-cp37-cp37m-manylinux1_x86_64.whl", hash = "sha256:74ac159989e2b02d761188a2b6f4601ff5e494d9b9d863f5ad6e98e5e0c54328"},
    {file = "protobuf-3.15.6-cp37-cp37m-win32.whl", hash = "sha256:30fe4249a364576f9594180589c3f9c4771952014b5f77f0372923fc7bafbbe2"},
    {file = "protobuf-3.15.6-cp37-cp37m-win_amd64.whl", hash = "sha256:45a91fc6f9aa86d3effdeda6751882b02de628519ba06d7160daffde0c889ff8"},
    {file = "protobuf-3.15.6-cp38-cp38-macosx_10_9_x86_64.whl", hash = "sha256:83c7c7534f050cb25383bb817159416601d1cc46c40bc5e851ec8bbddfc34a2f"},
    {file = "protobuf-3.15.6-cp38-cp38-manylinux1_x86_64.whl", hash = "sha256:9ec20a6ded7d0888e767ad029dbb126e604e18db744ac0a428cf746e040ccecd"},
    {file = "protobuf-3.15.6-cp39-cp39-macosx_10_9_x86_64.whl", hash = "sha256:0f2da2fcc4102b6c3b57f03c9d8d5e37c63f8bc74deaa6cb54e0cc4524a77247"},
    {file = "protobuf-3.15.6-cp39-cp39-manylinux1_x86_64.whl", hash = "sha256:70054ae1ce5dea7dec7357db931fcf487f40ea45b02cb719ee6af07eb1e906fb"},
    {file = "protobuf-3.15.6-py2.py3-none-any.whl", hash = "sha256:1655fc0ba7402560d749de13edbfca1ac45d1753d8f4e5292989f18f5a00c215"},
    {file = "protobuf-3.15.6.tar.gz", hash = "sha256:2b974519a2ae83aa1e31cff9018c70bbe0e303a46a598f982943c49ae1d4fcd3"},
]
rivescript = [
    {file = "rivescript-1.15.0-py2.py3-none-any.whl", hash = "sha256:85a748382cb4a18d8f74d2a1acbbf7fbe949170b2c1f191732762e614888728a"},
    {file = "rivescript-1.15.0.tar.gz", hash = "sha256:d6102fa690c139b531d69ac7fe8bc5ae2b5313809d83a13ecfbb661abea9635f"},
]
six = [
    {file = "six-1.15.0-py2.py3-none-any.whl", hash = "sha256:8b74bedcbbbaca38ff6d7491d76f2b06b3592611af620f8426e82dddb04a5ced"},
    {file = "six-1.15.0.tar.gz", hash = "sha256:30639c035cdb23534cd4aa2dd52c3bf48f06e5f4a941509c8bafd8ce11080259"},
]
