[[package]]
name = "grpcio"
version = "1.37.1"
description = "HTTP/2-based RPC framework"
category = "main"
optional = false
python-versions = "*"

[package.dependencies]
six = ">=1.5.2"

[package.extras]
protobuf = ["grpcio-tools (>=1.37.1)"]

[[package]]
name = "protobuf"
version = "3.15.6"
description = "Protocol Buffers"
category = "main"
optional = false
python-versions = "*"

[package.dependencies]
six = ">=1.9"

[[package]]
name = "rivescript"
version = "1.15.0"
description = "A Chatterbot Scripting Language"
category = "main"
optional = false
python-versions = "*"

[package.dependencies]
six = "*"

[[package]]
name = "six"
version = "1.15.0"
description = "Python 2 and 3 compatibility utilities"
category = "main"
optional = false
python-versions = ">=2.7, !=3.0.*, !=3.1.*, !=3.2.*"

[metadata]
lock-version = "1.1"
python-versions = "^3.8"
content-hash = "c6c02256d60e23faee75216932fbb71b5cfd94b052fd197ef0c578d11a296359"

[metadata.files]
grpcio = [
    {file = "grpcio-1.37.1-cp27-cp27m-macosx_10_10_x86_64.whl", hash = "sha256:0d64b5995e17eb9f086e82e6a4edadd1295827b593be71b516e7a442067784b5"},
    {file = "grpcio-1.37.1-cp27-cp27m-manylinux2010_i686.whl", hash = "sha256:6f44b8244bafcbea63daff222ae1b27d048b9d8fd47eb3d11e61ee092078e766"},
    {file = "grpcio-1.37.1-cp27-cp27m-manylinux2010_x86_64.whl", hash = "sha256:37e265b72e69ef8e33efca8d1123bdc349ae3eabb92563e76adfce209c9df51a"},
    {file = "grpcio-1.37.1-cp27-cp27m-win32.whl", hash = "sha256:ee0537fe2423307b885ba44e6789249e6d7624247cb38a20b9f38f4b40f5ab03"},
    {file = "grpcio-1.37.1-cp27-cp27m-win_amd64.whl", hash = "sha256:1de472a3c2a3d89d4d400d8179f2777ec99f7da0e87c0c1f196226141816d621"},
    {file = "grpcio-1.37.1-cp27-cp27mu-manylinux2010_i686.whl", hash = "sha256:99a627471275f93d400399b55e4c1d798602ff79d693e7def0a0b276912bff7e"},
    {file = "grpcio-1.37.1-cp27-cp27mu-manylinux2010_x86_64.whl", hash = "sha256:e7da0319003d150611b30cd864e0474a283324b3db9107107aa3ef9a71c53130"},
    {file = "grpcio-1.37.1-cp35-cp35m-macosx_10_10_intel.whl", hash = "sha256:22b0cc3531d3c405fae9a8519004a0e62ecbd1f005b55b3622098a4881d36b96"},
    {file = "grpcio-1.37.1-cp35-cp35m-manylinux2010_i686.whl", hash = "sha256:f6a73167fce4a41e5c0b34ceaad1048a14e9eeb4fc324da49da0537c199efab7"},
    {file = "grpcio-1.37.1-cp35-cp35m-manylinux2010_x86_64.whl", hash = "sha256:fa279b99878bae9b804c09e023f2b47de79d0b5e813ab85ddf28673784d610f0"},
    {file = "grpcio-1.37.1-cp35-cp35m-manylinux2014_i686.whl", hash = "sha256:9674fffd1f599aec7389a61d48c1a8c8aaba69591609895911c6d8386d86dd45"},
    {file = "grpcio-1.37.1-cp35-cp35m-manylinux2014_x86_64.whl", hash = "sha256:80c3c9d24ecd236571d3c86657243431a8bafef022dcce83f9f2aeb6eecb96b9"},
    {file = "grpcio-1.37.1-cp35-cp35m-win32.whl", hash = "sha256:e236d0580f7e69a35c420ce60f960b294e9dc973b8c31499fa476eb4d4ba4088"},
    {file = "grpcio-1.37.1-cp35-cp35m-win_amd64.whl", hash = "sha256:30ba9712547c9497a438bfeb2c7f393fa983df1609e1c81243d4b0d1b1bfefbf"},
    {file = "grpcio-1.37.1-cp36-cp36m-linux_armv7l.whl", hash = "sha256:ad03ff6b15f3481f3c999d5d22b5c56295dffc49b8e2cbdbc04c7bf358d3034e"},
    {file = "grpcio-1.37.1-cp36-cp36m-macosx_10_10_x86_64.whl", hash = "sha256:728292f5ccb849f30774c0805ef5c39452b3a5f4d193ac499ae5b78d268ff64b"},
    {file = "grpcio-1.37.1-cp36-cp36m-manylinux2010_i686.whl", hash = "sha256:5dabaac759a98bcfd979d22874dcd7ccf8779678a2fe841d355dd93fee143974"},
    {file = "grpcio-1.37.1-cp36-cp36m-manylinux2010_x86_64.whl", hash = "sha256:f933dd10948a5e5ed4258a1581e45aec1bb84069e62368084eb2dcf4cce51e78"},
    {file = "grpcio-1.37.1-cp36-cp36m-manylinux2014_aarch64.whl", hash = "sha256:67b482c810d05d9317e29b82900864ab888b9f842701906ba54c3eb176cd8eab"},
    {file = "grpcio-1.37.1-cp36-cp36m-manylinux2014_i686.whl", hash = "sha256:494cce1709f7cd63c2610c25b41f886048f1d993511ddb23f766b77ac142ba78"},
    {file = "grpcio-1.37.1-cp36-cp36m-manylinux2014_x86_64.whl", hash = "sha256:264f6d9a922f5124f79f50b1880349fd16c657a9b4fdf0f29fca939d40584f7f"},
    {file = "grpcio-1.37.1-cp36-cp36m-win32.whl", hash = "sha256:e3e0fb7d32f163699cef5132b060e3f613dc914408164eb3e3ac69095861ea04"},
    {file = "grpcio-1.37.1-cp36-cp36m-win_amd64.whl", hash = "sha256:640f49187105fb6c2b1b7acea06df3b0ccf5fe33a075c73b8a741013bc5cc802"},
    {file = "grpcio-1.37.1-cp37-cp37m-linux_armv7l.whl", hash = "sha256:f1287ae8a3bef97fd702dac95967aaf52031a6dceb2bd30da165f16e3b617293"},
    {file = "grpcio-1.37.1-cp37-cp37m-macosx_10_10_x86_64.whl", hash = "sha256:30807f3979ebb3872588fa166876a2a24febe17e0db5950d5bedd67320d11b8c"},
    {file = "grpcio-1.37.1-cp37-cp37m-manylinux2010_i686.whl", hash = "sha256:23666be3ed366f647f09c9caf89c48ca0daa12be8fe4786e5a368a6cd69de1f6"},
    {file = "grpcio-1.37.1-cp37-cp37m-manylinux2010_x86_64.whl", hash = "sha256:8f5a16f8b650efddd5ff3f750cca5b45c045923be13e79cdd1b886332307f46a"},
    {file = "grpcio-1.37.1-cp37-cp37m-manylinux2014_aarch64.whl", hash = "sha256:e72d8df53624098d8b1fe01c961888d61f90d7c0aa8116d76db80a535da9b445"},
    {file = "grpcio-1.37.1-cp37-cp37m-manylinux2014_i686.whl", hash = "sha256:4850c96d3a22d941b0d6af4dccbc739caec7f367b783aad049c843b28b458ff0"},
    {file = "grpcio-1.37.1-cp37-cp37m-manylinux2014_x86_64.whl", hash = "sha256:4493365334baaa3d775f5e4a91d9a844ac676560232223405a0964dfddb31924"},
    {file = "grpcio-1.37.1-cp37-cp37m-win32.whl", hash = "sha256:34d6f626062e7ef47ab30ff8976825c58fa8846ccd8c645b57291ccc74b9d413"},
    {file = "grpcio-1.37.1-cp37-cp37m-win_amd64.whl", hash = "sha256:4c0503b5ef6fcabc52c296d750a095ef29fd707d0f85322e95e5c261b3a684f9"},
    {file = "grpcio-1.37.1-cp38-cp38-linux_armv7l.whl", hash = "sha256:ac4174b1cf4daea0653fcfee7676bb04a8a43644e9ddf1913834d1542a9c697b"},
    {file = "grpcio-1.37.1-cp38-cp38-macosx_10_10_x86_64.whl", hash = "sha256:d232802ba15b465000263bc17171f9863173b7669bdd72dbdffdfcc0f6e637dc"},
    {file = "grpcio-1.37.1-cp38-cp38-manylinux2010_i686.whl", hash = "sha256:c87599137f6022ed5079b0df47da83134b9810d4b00999b87edfc901347f26a9"},
    {file = "grpcio-1.37.1-cp38-cp38-manylinux2010_x86_64.whl", hash = "sha256:609297d3d5d32f47e04bf7dc61c7756df50bc37dec4dfd63e996388eba42fb3b"},
    {file = "grpcio-1.37.1-cp38-cp38-manylinux2014_aarch64.whl", hash = "sha256:025fa7dffb0cf724070cfcbe2ff600a18b0cf84642ede5c92f2717162e2a8c95"},
    {file = "grpcio-1.37.1-cp38-cp38-manylinux2014_i686.whl", hash = "sha256:0b8817acef140cb9a3543208c13282d3bf4bb0103e930ddbb779677604085ada"},
    {file = "grpcio-1.37.1-cp38-cp38-manylinux2014_x86_64.whl", hash = "sha256:a1cd40eac72d3c914eea73f8f7730ddbd86061098a8ce712d1ce108e9d87d449"},
    {file = "grpcio-1.37.1-cp38-cp38-win32.whl", hash = "sha256:d7ae05ded17c4697ef80784dc89cad3025db0d90c5a8a0ada47a8d0749617d58"},
    {file = "grpcio-1.37.1-cp38-cp38-win_amd64.whl", hash = "sha256:b948a00764fee55cf111e0bf3d987167557152abf879f2c13bd2f278a6247ded"},
    {file = "grpcio-1.37.1-cp39-cp39-linux_armv7l.whl", hash = "sha256:8d3cdca5cfd6761a8824bc8acc8ac7bc37ad5ef75899308ca0458cf7952ce12d"},
    {file = "grpcio-1.37.1-cp39-cp39-macosx_10_10_x86_64.whl", hash = "sha256:9364f35949c3cff5470b583a03ccfd927b71cbe1ab7583a6529d5d67ed76e91e"},
    {file = "grpcio-1.37.1-cp39-cp39-manylinux2010_i686.whl", hash = "sha256:1aab01ee3e4b88ed6419f0b25ff21c83deb6c823c6fb77e655def0796526e3a3"},
    {file = "grpcio-1.37.1-cp39-cp39-manylinux2010_x86_64.whl", hash = "sha256:74aad86c7c1b9163d01c3d9e75861e9b09c65e0947592ca315c30353a0f6c4d1"},
    {file = "grpcio-1.37.1-cp39-cp39-manylinux2014_aarch64.whl", hash = "sha256:3ee1bef5f5e4208998cdef44933db3c30c52a7ebde424cfc4186404ffded1d35"},
    {file = "grpcio-1.37.1-cp39-cp39-manylinux2014_i686.whl", hash = "sha256:7533d2c9698dd3038fcf3dd0df243b76a9e0db8008f8575c305e20a3593189eb"},
    {file = "grpcio-1.37.1-cp39-cp39-manylinux2014_x86_64.whl", hash = "sha256:b7cc965538da06c9e9cf0e01bae91f274c75baf224ca6a734717c0f003ddf1f2"},
    {file = "grpcio-1.37.1-cp39-cp39-win32.whl", hash = "sha256:6ad11c1ea337720a42fc31959bd44a38b8837e3ae25bdab681e2e1a28096b02a"},
    {file = "grpcio-1.37.1-cp39-cp39-win_amd64.whl", hash = "sha256:7b2a2cf3621f94b123a9d7a68e4a8d948b29520136f096927f7c9653f24c8fca"},
    {file = "grpcio-1.37.1.tar.gz", hash = "sha256:df8305806311d3fe913d4f7eb3ef28e2072159ea12f95baab5d447f1380a71e3"},
]
protobuf = [
    {file = "protobuf-3.15.6-cp27-cp27m-macosx_10_9_x86_64.whl", hash = "sha256:1771ef20e88759c4d81db213e89b7a1fc53937968e12af6603c658ee4bcbfa38"},
    {file = "protobuf-3.15.6-cp27-cp27mu-manylinux1_x86_64.whl", hash = "sha256:1a66261a402d05c8ad8c1fde8631837307bf8d7e7740a4f3941fc3277c2e1528"},
    {file = "protobuf-3.15.6-cp35-cp35m-macosx_10_9_intel.whl", hash = "sha256:eac23a3e56175b710f3da9a9e8e2aa571891fbec60e0c5a06db1c7b1613b5cfd"},
    {file = "protobuf-3.15.6-cp35-cp35m-manylinux1_x86_64.whl", hash = "sha256:9ec220d90eda8bb7a7a1434a8aed4fe26d7e648c1a051c2885f3f5725b6aa71a"},
    {file = "protobuf-3.15.6-cp35-cp35m-win32.whl", hash = "sha256:88d8f21d1ac205eedb6dea943f8204ed08201b081dba2a966ab5612788b9bb1e"},
    {file = "protobuf-3.15.6-cp35-cp35m-win_amd64.whl", hash = "sha256:eaada29bbf087dea7d8bce4d1d604fc768749e8809e9c295922accd7c8fce4d5"},
    {file = "protobuf-3.15.6-cp36-cp36m-macosx_10_9_x86_64.whl", hash = "sha256:256c0b2e338c1f3228d3280707606fe5531fde85ab9d704cde6fdeb55112531f"},
    {file = "protobuf-3.15.6-cp36-cp36m-manylinux1_x86_64.whl", hash = "sha256:b9069e45b6e78412fba4a314ea38b4a478686060acf470d2b131b3a2c50484ec"},
    {file = "protobuf-3.15.6-cp36-cp36m-win32.whl", hash = "sha256:24f4697f57b8520c897a401b7f9a5ae45c369e22c572e305dfaf8053ecb49687"},
    {file = "protobuf-3.15.6-cp36-cp36m-win_amd64.whl", hash = "sha256:d9ed0955b794f1e5f367e27f8a8ff25501eabe34573f003f06639c366ca75f73"},
    {file = "protobuf-3.15.6-cp37-cp37m-macosx_10_9_x86_64.whl", hash = "sha256:822ac7f87fc2fb9b24edd2db390538b60ef50256e421ca30d65250fad5a3d477"},
    {file = "protobuf-3.15.6-cp37-cp37m-manylinux1_x86_64.whl", hash = "sha256:74ac159989e2b02d761188a2b6f4601ff5e494d9b9d863f5ad6e98e5e0c54328"},
    {file = "protobuf-3.15.6-cp37-cp37m-win32.whl", hash = "sha256:30fe4249a364576f9594180589c3f9c4771952014b5f77f0372923fc7bafbbe2"},
    {file = "protobuf-3.15.6-cp37-cp37m-win_amd64.whl", hash = "sha256:45a91fc6f9aa86d3effdeda6751882b02de628519ba06d7160daffde0c889ff8"},
    {file = "protobuf-3.15.6-cp38-cp38-macosx_10_9_x86_64.whl", hash = "sha256:83c7c7534f050cb25383bb817159416601d1cc46c40bc5e851ec8bbddfc34a2f"},
    {file = "protobuf-3.15.6-cp38-cp38-manylinux1_x86_64.whl", hash = "sha256:9ec20a6ded7d0888e767ad029dbb126e604e18db744ac0a428cf746e040ccecd"},
    {file = "protobuf-3.15.6-cp39-cp39-macosx_10_9_x86_64.whl", hash = "sha256:0f2da2fcc4102b6c3b57f03c9d8d5e37c63f8bc74deaa6cb54e0cc4524a77247"},
    {file = "protobuf-3.15.6-cp39-cp39-manylinux1_x86_64.whl", hash = "sha256:70054ae1ce5dea7dec7357db931fcf487f40ea45b02cb719ee6af07eb1e906fb"},
    {file = "protobuf-3.15.6-py2.py3-none-any.whl", hash = "sha256:1655fc0ba7402560d749de13edbfca1ac45d1753d8f4e5292989f18f5a00c215"},
    {file = "protobuf-3.15.6.tar.gz", hash = "sha256:2b974519a2ae83aa1e31cff9018c70bbe0e303a46a598f982943c49ae1d4fcd3"},
]
rivescript = [
    {file = "rivescript-1.15.0-py2.py3-none-any.whl", hash = "sha256:85a748382cb4a18d8f74d2a1acbbf7fbe949170b2c1f191732762e614888728a"},
    {file = "rivescript-1.15.0.tar.gz", hash = "sha256:d6102fa690c139b531d69ac7fe8bc5ae2b5313809d83a13ecfbb661abea9635f"},
]
six = [
    {file = "six-1.15.0-py2.py3-none-any.whl", hash = "sha256:8b74bedcbbbaca38ff6d7491d76f2b06b3592611af620f8426e82dddb04a5ced"},
    {file = "six-1.15.0.tar.gz", hash = "sha256:30639c035cdb23534cd4aa2dd52c3bf48f06e5f4a941509c8bafd8ce11080259"},
]
